// !$*UTF8*$!
{
	archiveVersion = 1;
	classes = {
	};
	objectVersion = 46;
	objects = {

/* Begin PBXBuildFile section */
		18154C451C9F66F000593C96 /* AppDelegate.swift in Sources */ = {isa = PBXBuildFile; fileRef = 18154C441C9F66F000593C96 /* AppDelegate.swift */; };
		18154C471C9F66F000593C96 /* ViewController.swift in Sources */ = {isa = PBXBuildFile; fileRef = 18154C461C9F66F000593C96 /* ViewController.swift */; };
		18154C4A1C9F66F000593C96 /* Main.storyboard in Resources */ = {isa = PBXBuildFile; fileRef = 18154C481C9F66F000593C96 /* Main.storyboard */; };
		18154C4C1C9F66F000593C96 /* Assets.xcassets in Resources */ = {isa = PBXBuildFile; fileRef = 18154C4B1C9F66F000593C96 /* Assets.xcassets */; };
		18154C4F1C9F66F000593C96 /* LaunchScreen.storyboard in Resources */ = {isa = PBXBuildFile; fileRef = 18154C4D1C9F66F000593C96 /* LaunchScreen.storyboard */; };
		18154C571C9F67BB00593C96 /* RicView.swift in Sources */ = {isa = PBXBuildFile; fileRef = 18154C561C9F67BB00593C96 /* RicView.swift */; };
		18154C591C9F784400593C96 /* CGContextExtension.swift in Sources */ = {isa = PBXBuildFile; fileRef = 18154C581C9F784400593C96 /* CGContextExtension.swift */; };
		18154C5D1C9F795B00593C96 /* GameBoardLayout.swift in Sources */ = {isa = PBXBuildFile; fileRef = 18154C5C1C9F795B00593C96 /* GameBoardLayout.swift */; };
/* End PBXBuildFile section */

/* Begin PBXFileReference section */
		18154C411C9F66F000593C96 /* RicSwiftContext.app */ = {isa = PBXFileReference; explicitFileType = wrapper.application; includeInIndex = 0; path = RicSwiftContext.app; sourceTree = BUILT_PRODUCTS_DIR; };
		18154C441C9F66F000593C96 /* AppDelegate.swift */ = {isa = PBXFileReference; lastKnownFileType = sourcecode.swift; path = AppDelegate.swift; sourceTree = "<group>"; };
		18154C461C9F66F000593C96 /* ViewController.swift */ = {isa = PBXFileReference; lastKnownFileType = sourcecode.swift; path = ViewController.swift; sourceTree = "<group>"; };
		18154C491C9F66F000593C96 /* Base */ = {isa = PBXFileReference; lastKnownFileType = file.storyboard; name = Base; path = Base.lproj/Main.storyboard; sourceTree = "<group>"; };
		18154C4B1C9F66F000593C96 /* Assets.xcassets */ = {isa = PBXFileReference; lastKnownFileType = folder.assetcatalog; path = Assets.xcassets; sourceTree = "<group>"; };
		18154C4E1C9F66F000593C96 /* Base */ = {isa = PBXFileReference; lastKnownFileType = file.storyboard; name = Base; path = Base.lproj/LaunchScreen.storyboard; sourceTree = "<group>"; };
		18154C501C9F66F000593C96 /* Info.plist */ = {isa = PBXFileReference; lastKnownFileType = text.plist.xml; path = Info.plist; sourceTree = "<group>"; };
		18154C561C9F67BB00593C96 /* RicView.swift */ = {isa = PBXFileReference; fileEncoding = 4; lastKnownFileType = sourcecode.swift; path = RicView.swift; sourceTree = "<group>"; };
		18154C581C9F784400593C96 /* CGContextExtension.swift */ = {isa = PBXFileReference; fileEncoding = 4; lastKnownFileType = sourcecode.swift; path = CGContextExtension.swift; sourceTree = "<group>"; };
		18154C5C1C9F795B00593C96 /* GameBoardLayout.swift */ = {isa = PBXFileReference; fileEncoding = 4; lastKnownFileType = sourcecode.swift; path = GameBoardLayout.swift; sourceTree = "<group>"; };
/* End PBXFileReference section */

/* Begin PBXFrameworksBuildPhase section */
		18154C3E1C9F66F000593C96 /* Frameworks */ = {
			isa = PBXFrameworksBuildPhase;
			buildActionMask = 2147483647;
			files = (
			);
			runOnlyForDeploymentPostprocessing = 0;
		};
/* End PBXFrameworksBuildPhase section */

/* Begin PBXGroup section */
		18154C381C9F66F000593C96 = {
			isa = PBXGroup;
			children = (
				18154C431C9F66F000593C96 /* RicContext */,
				18154C421C9F66F000593C96 /* Products */,
			);
			sourceTree = "<group>";
		};
		18154C421C9F66F000593C96 /* Products */ = {
			isa = PBXGroup;
			children = (
				18154C411C9F66F000593C96 /* RicSwiftContext.app */,
			);
			name = Products;
			sourceTree = "<group>";
		};
		18154C431C9F66F000593C96 /* RicContext */ = {
			isa = PBXGroup;
			children = (
				18154C441C9F66F000593C96 /* AppDelegate.swift */,
				18154C461C9F66F000593C96 /* ViewController.swift */,
				18154C561C9F67BB00593C96 /* RicView.swift */,
				18154C5B1C9F788500593C96 /* Storyboards */,
				18154C5A1C9F786600593C96 /* Resources & Extensions */,
				18154C4B1C9F66F000593C96 /* Assets.xcassets */,
				18154C501C9F66F000593C96 /* Info.plist */,
			);
			path = RicContext;
			sourceTree = "<group>";
		};
		18154C5A1C9F786600593C96 /* Resources & Extensions */ = {
			isa = PBXGroup;
			children = (
				18154C5C1C9F795B00593C96 /* GameBoardLayout.swift */,
				18154C581C9F784400593C96 /* CGContextExtension.swift */,
			);
			name = "Resources & Extensions";
			sourceTree = "<group>";
		};
		18154C5B1C9F788500593C96 /* Storyboards */ = {
			isa = PBXGroup;
			children = (
				18154C481C9F66F000593C96 /* Main.storyboard */,
				18154C4D1C9F66F000593C96 /* LaunchScreen.storyboard */,
			);
			name = Storyboards;
			sourceTree = "<group>";
		};
/* End PBXGroup section */

/* Begin PBXNativeTarget section */
		18154C401C9F66F000593C96 /* RicSwiftContext */ = {
			isa = PBXNativeTarget;
			buildConfigurationList = 18154C531C9F66F000593C96 /* Build configuration list for PBXNativeTarget "RicSwiftContext" */;
			buildPhases = (
				18154C3D1C9F66F000593C96 /* Sources */,
				18154C3E1C9F66F000593C96 /* Frameworks */,
				18154C3F1C9F66F000593C96 /* Resources */,
			);
			buildRules = (
			);
			dependencies = (
			);
			name = RicSwiftContext;
			productName = RicContext;
			productReference = 18154C411C9F66F000593C96 /* RicSwiftContext.app */;
			productType = "com.apple.product-type.application";
		};
/* End PBXNativeTarget section */

/* Begin PBXProject section */
		18154C391C9F66F000593C96 /* Project object */ = {
			isa = PBXProject;
			attributes = {
				LastSwiftUpdateCheck = 0730;
				LastUpgradeCheck = 0800;
				ORGANIZATIONNAME = "Swift International";
				TargetAttributes = {
					18154C401C9F66F000593C96 = {
						CreatedOnToolsVersion = 7.3;
						DevelopmentTeam = K37T3754ES;
						LastSwiftMigration = 0800;
					};
				};
			};
			buildConfigurationList = 18154C3C1C9F66F000593C96 /* Build configuration list for PBXProject "RicSwiftContext" */;
			compatibilityVersion = "Xcode 3.2";
			developmentRegion = English;
			hasScannedForEncodings = 0;
			knownRegions = (
				en,
				Base,
			);
			mainGroup = 18154C381C9F66F000593C96;
			productRefGroup = 18154C421C9F66F000593C96 /* Products */;
			projectDirPath = "";
			projectRoot = "";
			targets = (
				18154C401C9F66F000593C96 /* RicSwiftContext */,
			);
		};
/* End PBXProject section */

/* Begin PBXResourcesBuildPhase section */
		18154C3F1C9F66F000593C96 /* Resources */ = {
			isa = PBXResourcesBuildPhase;
			buildActionMask = 2147483647;
			files = (
				18154C4F1C9F66F000593C96 /* LaunchScreen.storyboard in Resources */,
				18154C4C1C9F66F000593C96 /* Assets.xcassets in Resources */,
				18154C4A1C9F66F000593C96 /* Main.storyboard in Resources */,
			);
			runOnlyForDeploymentPostprocessing = 0;
		};
/* End PBXResourcesBuildPhase section */

/* Begin PBXSourcesBuildPhase section */
		18154C3D1C9F66F000593C96 /* Sources */ = {
			isa = PBXSourcesBuildPhase;
			buildActionMask = 2147483647;
			files = (
				18154C471C9F66F000593C96 /* ViewController.swift in Sources */,
				18154C571C9F67BB00593C96 /* RicView.swift in Sources */,
				18154C451C9F66F000593C96 /* AppDelegate.swift in Sources */,
				18154C591C9F784400593C96 /* CGContextExtension.swift in Sources */,
				18154C5D1C9F795B00593C96 /* GameBoardLayout.swift in Sources */,
			);
			runOnlyForDeploymentPostprocessing = 0;
		};
/* End PBXSourcesBuildPhase section */

/* Begin PBXVariantGroup section */
		18154C481C9F66F000593C96 /* Main.storyboard */ = {
			isa = PBXVariantGroup;
			children = (
				18154C491C9F66F000593C96 /* Base */,
			);
			name = Main.storyboard;
			sourceTree = "<group>";
		};
		18154C4D1C9F66F000593C96 /* LaunchScreen.storyboard */ = {
			isa = PBXVariantGroup;
			children = (
				18154C4E1C9F66F000593C96 /* Base */,
			);
			name = LaunchScreen.storyboard;
			sourceTree = "<group>";
		};
/* End PBXVariantGroup section */

/* Begin XCBuildConfiguration section */
		18154C511C9F66F000593C96 /* Debug */ = {
			isa = XCBuildConfiguration;
			buildSettings = {
				ALWAYS_SEARCH_USER_PATHS = NO;
				CLANG_ANALYZER_NONNULL = YES;
				CLANG_CXX_LANGUAGE_STANDARD = "gnu++0x";
				CLANG_CXX_LIBRARY = "libc++";
				CLANG_ENABLE_MODULES = YES;
				CLANG_ENABLE_OBJC_ARC = YES;
				CLANG_WARN_BOOL_CONVERSION = YES;
				CLANG_WARN_CONSTANT_CONVERSION = YES;
				CLANG_WARN_DIRECT_OBJC_ISA_USAGE = YES_ERROR;
				CLANG_WARN_EMPTY_BODY = YES;
				CLANG_WARN_ENUM_CONVERSION = YES;
				CLANG_WARN_INFINITE_RECURSION = YES;
				CLANG_WARN_INT_CONVERSION = YES;
				CLANG_WARN_OBJC_ROOT_CLASS = YES_ERROR;
				CLANG_WARN_SUSPICIOUS_MOVE = YES;
				CLANG_WARN_UNREACHABLE_CODE = YES;
				CLANG_WARN__DUPLICATE_METHOD_MATCH = YES;
				"CODE_SIGN_IDENTITY[sdk=iphoneos*]" = "iPhone Developer";
				COPY_PHASE_STRIP = NO;
				DEBUG_INFORMATION_FORMAT = dwarf;
				ENABLE_STRICT_OBJC_MSGSEND = YES;
				ENABLE_TESTABILITY = YES;
				GCC_C_LANGUAGE_STANDARD = gnu99;
				GCC_DYNAMIC_NO_PIC = NO;
				GCC_NO_COMMON_BLOCKS = YES;
				GCC_OPTIMIZATION_LEVEL = 0;
				GCC_PREPROCESSOR_DEFINITIONS = (
					"DEBUG=1",
					"$(inherited)",
				);
				GCC_WARN_64_TO_32_BIT_CONVERSION = YES;
				GCC_WARN_ABOUT_RETURN_TYPE = YES_ERROR;
				GCC_WARN_UNDECLARED_SELECTOR = YES;
				GCC_WARN_UNINITIALIZED_AUTOS = YES_AGGRESSIVE;
				GCC_WARN_UNUSED_FUNCTION = YES;
				GCC_WARN_UNUSED_VARIABLE = YES;
				IPHONEOS_DEPLOYMENT_TARGET = 9.3;
				MTL_ENABLE_DEBUG_INFO = YES;
				ONLY_ACTIVE_ARCH = YES;
				SDKROOT = iphoneos;
				SWIFT_OPTIMIZATION_LEVEL = "-Onone";
			};
			name = Debug;
		};
		18154C521C9F66F000593C96 /* Release */ = {
			isa = XCBuildConfiguration;
			buildSettings = {
				ALWAYS_SEARCH_USER_PATHS = NO;
				CLANG_ANALYZER_NONNULL = YES;
				CLANG_CXX_LANGUAGE_STANDARD = "gnu++0x";
				CLANG_CXX_LIBRARY = "libc++";
				CLANG_ENABLE_MODULES = YES;
				CLANG_ENABLE_OBJC_ARC = YES;
				CLANG_WARN_BOOL_CONVERSION = YES;
				CLANG_WARN_CONSTANT_CONVERSION = YES;
				CLANG_WARN_DIRECT_OBJC_ISA_USAGE = YES_ERROR;
				CLANG_WARN_EMPTY_BODY = YES;
				CLANG_WARN_ENUM_CONVERSION = YES;
				CLANG_WARN_INFINITE_RECURSION = YES;
				CLANG_WARN_INT_CONVERSION = YES;
				CLANG_WARN_OBJC_ROOT_CLASS = YES_ERROR;
				CLANG_WARN_SUSPICIOUS_MOVE = YES;
				CLANG_WARN_UNREACHABLE_CODE = YES;
				CLANG_WARN__DUPLICATE_METHOD_MATCH = YES;
				"CODE_SIGN_IDENTITY[sdk=iphoneos*]" = "iPhone Developer";
				COPY_PHASE_STRIP = NO;
				DEBUG_INFORMATION_FORMAT = "dwarf-with-dsym";
				ENABLE_NS_ASSERTIONS = NO;
				ENABLE_STRICT_OBJC_MSGSEND = YES;
				GCC_C_LANGUAGE_STANDARD = gnu99;
				GCC_NO_COMMON_BLOCKS = YES;
				GCC_WARN_64_TO_32_BIT_CONVERSION = YES;
				GCC_WARN_ABOUT_RETURN_TYPE = YES_ERROR;
				GCC_WARN_UNDECLARED_SELECTOR = YES;
				GCC_WARN_UNINITIALIZED_AUTOS = YES_AGGRESSIVE;
				GCC_WARN_UNUSED_FUNCTION = YES;
				GCC_WARN_UNUSED_VARIABLE = YES;
				IPHONEOS_DEPLOYMENT_TARGET = 9.3;
				MTL_ENABLE_DEBUG_INFO = NO;
				SDKROOT = iphoneos;
				VALIDATE_PRODUCT = YES;
			};
			name = Release;
		};
		18154C541C9F66F000593C96 /* Debug */ = {
			isa = XCBuildConfiguration;
			buildSettings = {
				ASSETCATALOG_COMPILER_APPICON_NAME = AppIcon;
				CODE_SIGN_IDENTITY = "iPhone Developer";
				"CODE_SIGN_IDENTITY[sdk=iphoneos*]" = "iPhone Developer";
				DEVELOPMENT_TEAM = K37T3754ES;
				INFOPLIST_FILE = RicContext/Info.plist;
				IPHONEOS_DEPLOYMENT_TARGET = 9.2;
				LD_RUNPATH_SEARCH_PATHS = "$(inherited) @executable_path/Frameworks";
				PRODUCT_BUNDLE_IDENTIFIER = com.AmourineTech.RicContext;
				PRODUCT_NAME = RicSwiftContext;
				PROVISIONING_PROFILE = "";
				SWIFT_VERSION = 3.0;
			};
			name = Debug;
		};
		18154C551C9F66F000593C96 /* Release */ = {
			isa = XCBuildConfiguration;
			buildSettings = {
				ASSETCATALOG_COMPILER_APPICON_NAME = AppIcon;
				CODE_SIGN_IDENTITY = "iPhone Developer";
				"CODE_SIGN_IDENTITY[sdk=iphoneos*]" = "iPhone Developer";
				DEVELOPMENT_TEAM = K37T3754ES;
				INFOPLIST_FILE = RicContext/Info.plist;
				IPHONEOS_DEPLOYMENT_TARGET = 9.2;
				LD_RUNPATH_SEARCH_PATHS = "$(inherited) @executable_path/Frameworks";
				PRODUCT_BUNDLE_IDENTIFIER = com.AmourineTech.RicContext;
				PRODUCT_NAME = RicSwiftContext;
				PROVISIONING_PROFILE = "";
				SWIFT_OPTIMIZATION_LEVEL = "-Owholemodule";
				SWIFT_VERSION = 3.0;
			};
			name = Release;
		};
/* End XCBuildConfiguration section */

/* Begin XCConfigurationList section */
		18154C3C1C9F66F000593C96 /* Build configuration list for PBXProject "RicSwiftContext" */ = {
			isa = XCConfigurationList;
			buildConfigurations = (
				18154C511C9F66F000593C96 /* Debug */,
				18154C521C9F66F000593C96 /* Release */,
			);
			defaultConfigurationIsVisible = 0;
			defaultConfigurationName = Release;
		};
		18154C531C9F66F000593C96 /* Build configuration list for PBXNativeTarget "RicSwiftContext" */ = {
			isa = XCConfigurationList;
			buildConfigurations = (
				18154C541C9F66F000593C96 /* Debug */,
				18154C551C9F66F000593C96 /* Release */,
			);
			defaultConfigurationIsVisible = 0;
			defaultConfigurationName = Release;
		};
/* End XCConfigurationList section */
	};
	rootObject = 18154C391C9F66F000593C96 /* Project object */;
}
